// !$*UTF8*$!
{
	archiveVersion = 1;
	classes = {
	};
	objectVersion = 50;
	objects = {

/* Begin PBXBuildFile section */
		0ED38872AA9B20E622BFF692 /* Pods_Rovi.framework in Frameworks */ = {isa = PBXBuildFile; fileRef = 73ACABD71B57B709FA9BFE36 /* Pods_Rovi.framework */; };
		A4F200CC2241552300CC55AE /* AppDelegate.swift in Sources */ = {isa = PBXBuildFile; fileRef = A4F200CB2241552300CC55AE /* AppDelegate.swift */; };
		A4F200CE2241552300CC55AE /* ViewController.swift in Sources */ = {isa = PBXBuildFile; fileRef = A4F200CD2241552300CC55AE /* ViewController.swift */; };
		A4F200D12241552300CC55AE /* Main.storyboard in Resources */ = {isa = PBXBuildFile; fileRef = A4F200CF2241552300CC55AE /* Main.storyboard */; };
		A4F200D32241552600CC55AE /* Assets.xcassets in Resources */ = {isa = PBXBuildFile; fileRef = A4F200D22241552600CC55AE /* Assets.xcassets */; };
		A4F200D62241552600CC55AE /* LaunchScreen.storyboard in Resources */ = {isa = PBXBuildFile; fileRef = A4F200D42241552600CC55AE /* LaunchScreen.storyboard */; };
		A4F200E12241552700CC55AE /* RoviTests.swift in Sources */ = {isa = PBXBuildFile; fileRef = A4F200E02241552700CC55AE /* RoviTests.swift */; };
		A4F200EC2241552700CC55AE /* RoviUITests.swift in Sources */ = {isa = PBXBuildFile; fileRef = A4F200EB2241552700CC55AE /* RoviUITests.swift */; };
		CA98922522416E8D00D824B0 /* BeaconTableViewController.swift in Sources */ = {isa = PBXBuildFile; fileRef = CA98922322416E8D00D824B0 /* BeaconTableViewController.swift */; };
		CA98922622416E8D00D824B0 /* BeaconTracker.swift in Sources */ = {isa = PBXBuildFile; fileRef = CA98922422416E8D00D824B0 /* BeaconTracker.swift */; };
		CAA44A1E2243FD150050D619 /* Utils.swift in Sources */ = {isa = PBXBuildFile; fileRef = CAA44A1D2243FD150050D619 /* Utils.swift */; };
		CAA44A21224400F00050D619 /* DataController.swift in Sources */ = {isa = PBXBuildFile; fileRef = CAA44A20224400F00050D619 /* DataController.swift */; };
		CAA44A26224400F80050D619 /* Reading.swift in Sources */ = {isa = PBXBuildFile; fileRef = CAA44A22224400F70050D619 /* Reading.swift */; };
		CAA44A27224400F80050D619 /* DeviceEvent.swift in Sources */ = {isa = PBXBuildFile; fileRef = CAA44A23224400F80050D619 /* DeviceEvent.swift */; };
		CAA44A28224400F80050D619 /* Gps.swift in Sources */ = {isa = PBXBuildFile; fileRef = CAA44A24224400F80050D619 /* Gps.swift */; };
		CAA44A29224400F80050D619 /* Metrics.swift in Sources */ = {isa = PBXBuildFile; fileRef = CAA44A25224400F80050D619 /* Metrics.swift */; };
		CAA44A2E224416D30050D619 /* ReadingsModel.xcdatamodeld in Sources */ = {isa = PBXBuildFile; fileRef = CAA44A2A224416D30050D619 /* ReadingsModel.xcdatamodeld */; };
/* End PBXBuildFile section */

/* Begin PBXContainerItemProxy section */
		A4F200DD2241552700CC55AE /* PBXContainerItemProxy */ = {
			isa = PBXContainerItemProxy;
			containerPortal = A4F200C02241552300CC55AE /* Project object */;
			proxyType = 1;
			remoteGlobalIDString = A4F200C72241552300CC55AE;
			remoteInfo = Rovi;
		};
		A4F200E82241552700CC55AE /* PBXContainerItemProxy */ = {
			isa = PBXContainerItemProxy;
			containerPortal = A4F200C02241552300CC55AE /* Project object */;
			proxyType = 1;
			remoteGlobalIDString = A4F200C72241552300CC55AE;
			remoteInfo = Rovi;
		};
/* End PBXContainerItemProxy section */

/* Begin PBXFileReference section */
		3DB5580F9F56341875F3446C /* Pods-Rovi.release.xcconfig */ = {isa = PBXFileReference; includeInIndex = 1; lastKnownFileType = text.xcconfig; name = "Pods-Rovi.release.xcconfig"; path = "Target Support Files/Pods-Rovi/Pods-Rovi.release.xcconfig"; sourceTree = "<group>"; };
		73ACABD71B57B709FA9BFE36 /* Pods_Rovi.framework */ = {isa = PBXFileReference; explicitFileType = wrapper.framework; includeInIndex = 0; path = Pods_Rovi.framework; sourceTree = BUILT_PRODUCTS_DIR; };
		A4F200C82241552300CC55AE /* Rovi.app */ = {isa = PBXFileReference; explicitFileType = wrapper.application; includeInIndex = 0; path = Rovi.app; sourceTree = BUILT_PRODUCTS_DIR; };
		A4F200CB2241552300CC55AE /* AppDelegate.swift */ = {isa = PBXFileReference; lastKnownFileType = sourcecode.swift; path = AppDelegate.swift; sourceTree = "<group>"; };
		A4F200CD2241552300CC55AE /* ViewController.swift */ = {isa = PBXFileReference; lastKnownFileType = sourcecode.swift; path = ViewController.swift; sourceTree = "<group>"; };
		A4F200D02241552300CC55AE /* Base */ = {isa = PBXFileReference; lastKnownFileType = file.storyboard; name = Base; path = Base.lproj/Main.storyboard; sourceTree = "<group>"; };
		A4F200D22241552600CC55AE /* Assets.xcassets */ = {isa = PBXFileReference; lastKnownFileType = folder.assetcatalog; path = Assets.xcassets; sourceTree = "<group>"; };
		A4F200D52241552600CC55AE /* Base */ = {isa = PBXFileReference; lastKnownFileType = file.storyboard; name = Base; path = Base.lproj/LaunchScreen.storyboard; sourceTree = "<group>"; };
		A4F200D72241552600CC55AE /* Info.plist */ = {isa = PBXFileReference; lastKnownFileType = text.plist.xml; path = Info.plist; sourceTree = "<group>"; };
		A4F200DC2241552700CC55AE /* RoviTests.xctest */ = {isa = PBXFileReference; explicitFileType = wrapper.cfbundle; includeInIndex = 0; path = RoviTests.xctest; sourceTree = BUILT_PRODUCTS_DIR; };
		A4F200E02241552700CC55AE /* RoviTests.swift */ = {isa = PBXFileReference; lastKnownFileType = sourcecode.swift; path = RoviTests.swift; sourceTree = "<group>"; };
		A4F200E22241552700CC55AE /* Info.plist */ = {isa = PBXFileReference; lastKnownFileType = text.plist.xml; path = Info.plist; sourceTree = "<group>"; };
		A4F200E72241552700CC55AE /* RoviUITests.xctest */ = {isa = PBXFileReference; explicitFileType = wrapper.cfbundle; includeInIndex = 0; path = RoviUITests.xctest; sourceTree = BUILT_PRODUCTS_DIR; };
		A4F200EB2241552700CC55AE /* RoviUITests.swift */ = {isa = PBXFileReference; lastKnownFileType = sourcecode.swift; path = RoviUITests.swift; sourceTree = "<group>"; };
		A4F200ED2241552700CC55AE /* Info.plist */ = {isa = PBXFileReference; lastKnownFileType = text.plist.xml; path = Info.plist; sourceTree = "<group>"; };
		CA98922322416E8D00D824B0 /* BeaconTableViewController.swift */ = {isa = PBXFileReference; fileEncoding = 4; lastKnownFileType = sourcecode.swift; path = BeaconTableViewController.swift; sourceTree = "<group>"; };
		CA98922422416E8D00D824B0 /* BeaconTracker.swift */ = {isa = PBXFileReference; fileEncoding = 4; lastKnownFileType = sourcecode.swift; path = BeaconTracker.swift; sourceTree = "<group>"; };
		CAA44A1D2243FD150050D619 /* Utils.swift */ = {isa = PBXFileReference; lastKnownFileType = sourcecode.swift; path = Utils.swift; sourceTree = "<group>"; };
		CAA44A20224400F00050D619 /* DataController.swift */ = {isa = PBXFileReference; fileEncoding = 4; lastKnownFileType = sourcecode.swift; path = DataController.swift; sourceTree = "<group>"; };
		CAA44A22224400F70050D619 /* Reading.swift */ = {isa = PBXFileReference; fileEncoding = 4; lastKnownFileType = sourcecode.swift; path = Reading.swift; sourceTree = "<group>"; };
		CAA44A23224400F80050D619 /* DeviceEvent.swift */ = {isa = PBXFileReference; fileEncoding = 4; lastKnownFileType = sourcecode.swift; path = DeviceEvent.swift; sourceTree = "<group>"; };
		CAA44A24224400F80050D619 /* Gps.swift */ = {isa = PBXFileReference; fileEncoding = 4; lastKnownFileType = sourcecode.swift; path = Gps.swift; sourceTree = "<group>"; };
		CAA44A25224400F80050D619 /* Metrics.swift */ = {isa = PBXFileReference; fileEncoding = 4; lastKnownFileType = sourcecode.swift; path = Metrics.swift; sourceTree = "<group>"; };
		CAA44A2B224416D30050D619 /* ReadingsModel.xcdatamodel */ = {isa = PBXFileReference; lastKnownFileType = wrapper.xcdatamodel; path = ReadingsModel.xcdatamodel; sourceTree = "<group>"; };
		D575E0CEE97C2E0D19EF2806 /* Pods-Rovi.debug.xcconfig */ = {isa = PBXFileReference; includeInIndex = 1; lastKnownFileType = text.xcconfig; name = "Pods-Rovi.debug.xcconfig"; path = "Target Support Files/Pods-Rovi/Pods-Rovi.debug.xcconfig"; sourceTree = "<group>"; };
/* End PBXFileReference section */

/* Begin PBXFrameworksBuildPhase section */
		A4F200C52241552300CC55AE /* Frameworks */ = {
			isa = PBXFrameworksBuildPhase;
			buildActionMask = 2147483647;
			files = (
				0ED38872AA9B20E622BFF692 /* Pods_Rovi.framework in Frameworks */,
			);
			runOnlyForDeploymentPostprocessing = 0;
		};
		A4F200D92241552700CC55AE /* Frameworks */ = {
			isa = PBXFrameworksBuildPhase;
			buildActionMask = 2147483647;
			files = (
			);
			runOnlyForDeploymentPostprocessing = 0;
		};
		A4F200E42241552700CC55AE /* Frameworks */ = {
			isa = PBXFrameworksBuildPhase;
			buildActionMask = 2147483647;
			files = (
			);
			runOnlyForDeploymentPostprocessing = 0;
		};
/* End PBXFrameworksBuildPhase section */

/* Begin PBXGroup section */
		22E7B0FE5EA88AE87B996EA6 /* Frameworks */ = {
			isa = PBXGroup;
			children = (
				73ACABD71B57B709FA9BFE36 /* Pods_Rovi.framework */,
			);
			name = Frameworks;
			sourceTree = "<group>";
		};
		87C3A90BC37F61EC45490A1E /* Pods */ = {
			isa = PBXGroup;
			children = (
				D575E0CEE97C2E0D19EF2806 /* Pods-Rovi.debug.xcconfig */,
				3DB5580F9F56341875F3446C /* Pods-Rovi.release.xcconfig */,
			);
			path = Pods;
			sourceTree = "<group>";
		};
		A4F200BF2241552300CC55AE = {
			isa = PBXGroup;
			children = (
				A4F200CA2241552300CC55AE /* Rovi */,
				A4F200DF2241552700CC55AE /* RoviTests */,
				A4F200EA2241552700CC55AE /* RoviUITests */,
				A4F200C92241552300CC55AE /* Products */,
				87C3A90BC37F61EC45490A1E /* Pods */,
				22E7B0FE5EA88AE87B996EA6 /* Frameworks */,
			);
			sourceTree = "<group>";
		};
		A4F200C92241552300CC55AE /* Products */ = {
			isa = PBXGroup;
			children = (
				A4F200C82241552300CC55AE /* Rovi.app */,
				A4F200DC2241552700CC55AE /* RoviTests.xctest */,
				A4F200E72241552700CC55AE /* RoviUITests.xctest */,
			);
			name = Products;
			sourceTree = "<group>";
		};
		A4F200CA2241552300CC55AE /* Rovi */ = {
			isa = PBXGroup;
			children = (
				CAA44A1F224400A60050D619 /* Models */,
				CAB10C22224247D8004C91B2 /* UI */,
				CAB10C212242476D004C91B2 /* Core */,
				A4F200CB2241552300CC55AE /* AppDelegate.swift */,
				A4F200CD2241552300CC55AE /* ViewController.swift */,
				A4F200CF2241552300CC55AE /* Main.storyboard */,
				A4F200D22241552600CC55AE /* Assets.xcassets */,
				A4F200D42241552600CC55AE /* LaunchScreen.storyboard */,
				A4F200D72241552600CC55AE /* Info.plist */,
				CAA44A1D2243FD150050D619 /* Utils.swift */,
				CAA44A2A224416D30050D619 /* ReadingsModel.xcdatamodeld */,
			);
			path = Rovi;
			sourceTree = "<group>";
		};
		A4F200DF2241552700CC55AE /* RoviTests */ = {
			isa = PBXGroup;
			children = (
				A4F200E02241552700CC55AE /* RoviTests.swift */,
				A4F200E22241552700CC55AE /* Info.plist */,
			);
			path = RoviTests;
			sourceTree = "<group>";
		};
		A4F200EA2241552700CC55AE /* RoviUITests */ = {
			isa = PBXGroup;
			children = (
				A4F200EB2241552700CC55AE /* RoviUITests.swift */,
				A4F200ED2241552700CC55AE /* Info.plist */,
			);
			path = RoviUITests;
			sourceTree = "<group>";
		};
		CAA44A1F224400A60050D619 /* Models */ = {
			isa = PBXGroup;
			children = (
				CAA44A23224400F80050D619 /* DeviceEvent.swift */,
				CAA44A24224400F80050D619 /* Gps.swift */,
				CAA44A25224400F80050D619 /* Metrics.swift */,
				CAA44A22224400F70050D619 /* Reading.swift */,
			);
			path = Models;
			sourceTree = "<group>";
		};
		CAB10C212242476D004C91B2 /* Core */ = {
			isa = PBXGroup;
			children = (
				CAA44A20224400F00050D619 /* DataController.swift */,
				CA98922422416E8D00D824B0 /* BeaconTracker.swift */,
			);
			path = Core;
			sourceTree = "<group>";
		};
		CAB10C22224247D8004C91B2 /* UI */ = {
			isa = PBXGroup;
			children = (
				CA98922322416E8D00D824B0 /* BeaconTableViewController.swift */,
			);
			path = UI;
			sourceTree = "<group>";
		};
/* End PBXGroup section */

/* Begin PBXNativeTarget section */
		A4F200C72241552300CC55AE /* Rovi */ = {
			isa = PBXNativeTarget;
			buildConfigurationList = A4F200F02241552700CC55AE /* Build configuration list for PBXNativeTarget "Rovi" */;
			buildPhases = (
				157DB1642425F04D04D1FD40 /* [CP] Check Pods Manifest.lock */,
				A4F200C42241552300CC55AE /* Sources */,
				A4F200C52241552300CC55AE /* Frameworks */,
				A4F200C62241552300CC55AE /* Resources */,
				EFACFEBDD6C7760999458CE6 /* [CP] Embed Pods Frameworks */,
			);
			buildRules = (
			);
			dependencies = (
			);
			name = Rovi;
			productName = Rovi;
			productReference = A4F200C82241552300CC55AE /* Rovi.app */;
			productType = "com.apple.product-type.application";
		};
		A4F200DB2241552700CC55AE /* RoviTests */ = {
			isa = PBXNativeTarget;
			buildConfigurationList = A4F200F32241552700CC55AE /* Build configuration list for PBXNativeTarget "RoviTests" */;
			buildPhases = (
				A4F200D82241552700CC55AE /* Sources */,
				A4F200D92241552700CC55AE /* Frameworks */,
				A4F200DA2241552700CC55AE /* Resources */,
			);
			buildRules = (
			);
			dependencies = (
				A4F200DE2241552700CC55AE /* PBXTargetDependency */,
			);
			name = RoviTests;
			productName = RoviTests;
			productReference = A4F200DC2241552700CC55AE /* RoviTests.xctest */;
			productType = "com.apple.product-type.bundle.unit-test";
		};
		A4F200E62241552700CC55AE /* RoviUITests */ = {
			isa = PBXNativeTarget;
			buildConfigurationList = A4F200F62241552700CC55AE /* Build configuration list for PBXNativeTarget "RoviUITests" */;
			buildPhases = (
				A4F200E32241552700CC55AE /* Sources */,
				A4F200E42241552700CC55AE /* Frameworks */,
				A4F200E52241552700CC55AE /* Resources */,
			);
			buildRules = (
			);
			dependencies = (
				A4F200E92241552700CC55AE /* PBXTargetDependency */,
			);
			name = RoviUITests;
			productName = RoviUITests;
			productReference = A4F200E72241552700CC55AE /* RoviUITests.xctest */;
			productType = "com.apple.product-type.bundle.ui-testing";
		};
/* End PBXNativeTarget section */

/* Begin PBXProject section */
		A4F200C02241552300CC55AE /* Project object */ = {
			isa = PBXProject;
			attributes = {
				LastSwiftUpdateCheck = 1010;
				LastUpgradeCheck = 1010;
				ORGANIZATIONNAME = "Luccas Beck";
				TargetAttributes = {
					A4F200C72241552300CC55AE = {
						CreatedOnToolsVersion = 10.1;
						SystemCapabilities = {
							com.apple.BackgroundModes = {
								enabled = 1;
							};
						};
					};
					A4F200DB2241552700CC55AE = {
						CreatedOnToolsVersion = 10.1;
						TestTargetID = A4F200C72241552300CC55AE;
					};
					A4F200E62241552700CC55AE = {
						CreatedOnToolsVersion = 10.1;
						TestTargetID = A4F200C72241552300CC55AE;
					};
				};
			};
			buildConfigurationList = A4F200C32241552300CC55AE /* Build configuration list for PBXProject "Rovi" */;
			compatibilityVersion = "Xcode 9.3";
			developmentRegion = en;
			hasScannedForEncodings = 0;
			knownRegions = (
				en,
				Base,
			);
			mainGroup = A4F200BF2241552300CC55AE;
			productRefGroup = A4F200C92241552300CC55AE /* Products */;
			projectDirPath = "";
			projectRoot = "";
			targets = (
				A4F200C72241552300CC55AE /* Rovi */,
				A4F200DB2241552700CC55AE /* RoviTests */,
				A4F200E62241552700CC55AE /* RoviUITests */,
			);
		};
/* End PBXProject section */

/* Begin PBXResourcesBuildPhase section */
		A4F200C62241552300CC55AE /* Resources */ = {
			isa = PBXResourcesBuildPhase;
			buildActionMask = 2147483647;
			files = (
				A4F200D62241552600CC55AE /* LaunchScreen.storyboard in Resources */,
				A4F200D32241552600CC55AE /* Assets.xcassets in Resources */,
				A4F200D12241552300CC55AE /* Main.storyboard in Resources */,
			);
			runOnlyForDeploymentPostprocessing = 0;
		};
		A4F200DA2241552700CC55AE /* Resources */ = {
			isa = PBXResourcesBuildPhase;
			buildActionMask = 2147483647;
			files = (
			);
			runOnlyForDeploymentPostprocessing = 0;
		};
		A4F200E52241552700CC55AE /* Resources */ = {
			isa = PBXResourcesBuildPhase;
			buildActionMask = 2147483647;
			files = (
			);
			runOnlyForDeploymentPostprocessing = 0;
		};
/* End PBXResourcesBuildPhase section */

/* Begin PBXShellScriptBuildPhase section */
		157DB1642425F04D04D1FD40 /* [CP] Check Pods Manifest.lock */ = {
			isa = PBXShellScriptBuildPhase;
			buildActionMask = 2147483647;
			files = (
			);
			inputFileListPaths = (
			);
			inputPaths = (
				"${PODS_PODFILE_DIR_PATH}/Podfile.lock",
				"${PODS_ROOT}/Manifest.lock",
			);
			name = "[CP] Check Pods Manifest.lock";
			outputFileListPaths = (
			);
			outputPaths = (
				"$(DERIVED_FILE_DIR)/Pods-Rovi-checkManifestLockResult.txt",
			);
			runOnlyForDeploymentPostprocessing = 0;
			shellPath = /bin/sh;
			shellScript = "diff \"${PODS_PODFILE_DIR_PATH}/Podfile.lock\" \"${PODS_ROOT}/Manifest.lock\" > /dev/null\nif [ $? != 0 ] ; then\n    # print error to STDERR\n    echo \"error: The sandbox is not in sync with the Podfile.lock. Run 'pod install' or update your CocoaPods installation.\" >&2\n    exit 1\nfi\n# This output is used by Xcode 'outputs' to avoid re-running this script phase.\necho \"SUCCESS\" > \"${SCRIPT_OUTPUT_FILE_0}\"\n";
			showEnvVarsInLog = 0;
		};
		EFACFEBDD6C7760999458CE6 /* [CP] Embed Pods Frameworks */ = {
			isa = PBXShellScriptBuildPhase;
			buildActionMask = 2147483647;
			files = (
			);
			inputFileListPaths = (
			);
			inputPaths = (
				"${PODS_ROOT}/Target Support Files/Pods-Rovi/Pods-Rovi-frameworks.sh",
				"${BUILT_PRODUCTS_DIR}/Alamofire/Alamofire.framework",
				"${BUILT_PRODUCTS_DIR}/CRRefresh/CRRefresh.framework",
				"${BUILT_PRODUCTS_DIR}/MKProgress/MKProgress.framework",
				"${BUILT_PRODUCTS_DIR}/SwiftyJSON/SwiftyJSON.framework",
				"${BUILT_PRODUCTS_DIR}/Toast-Swift/Toast_Swift.framework",
			);
			name = "[CP] Embed Pods Frameworks";
			outputFileListPaths = (
			);
			outputPaths = (
				"${TARGET_BUILD_DIR}/${FRAMEWORKS_FOLDER_PATH}/Alamofire.framework",
				"${TARGET_BUILD_DIR}/${FRAMEWORKS_FOLDER_PATH}/CRRefresh.framework",
				"${TARGET_BUILD_DIR}/${FRAMEWORKS_FOLDER_PATH}/MKProgress.framework",
				"${TARGET_BUILD_DIR}/${FRAMEWORKS_FOLDER_PATH}/SwiftyJSON.framework",
				"${TARGET_BUILD_DIR}/${FRAMEWORKS_FOLDER_PATH}/Toast_Swift.framework",
			);
			runOnlyForDeploymentPostprocessing = 0;
			shellPath = /bin/sh;
			shellScript = "\"${PODS_ROOT}/Target Support Files/Pods-Rovi/Pods-Rovi-frameworks.sh\"\n";
			showEnvVarsInLog = 0;
		};
/* End PBXShellScriptBuildPhase section */

/* Begin PBXSourcesBuildPhase section */
		A4F200C42241552300CC55AE /* Sources */ = {
			isa = PBXSourcesBuildPhase;
			buildActionMask = 2147483647;
			files = (
				CAA44A1E2243FD150050D619 /* Utils.swift in Sources */,
				CAA44A28224400F80050D619 /* Gps.swift in Sources */,
				CAA44A26224400F80050D619 /* Reading.swift in Sources */,
				CAA44A21224400F00050D619 /* DataController.swift in Sources */,
				A4F200CE2241552300CC55AE /* ViewController.swift in Sources */,
				CAA44A2E224416D30050D619 /* ReadingsModel.xcdatamodeld in Sources */,
				A4F200CC2241552300CC55AE /* AppDelegate.swift in Sources */,
				CA98922622416E8D00D824B0 /* BeaconTracker.swift in Sources */,
				CAA44A29224400F80050D619 /* Metrics.swift in Sources */,
				CAA44A27224400F80050D619 /* DeviceEvent.swift in Sources */,
				CA98922522416E8D00D824B0 /* BeaconTableViewController.swift in Sources */,
			);
			runOnlyForDeploymentPostprocessing = 0;
		};
		A4F200D82241552700CC55AE /* Sources */ = {
			isa = PBXSourcesBuildPhase;
			buildActionMask = 2147483647;
			files = (
				A4F200E12241552700CC55AE /* RoviTests.swift in Sources */,
			);
			runOnlyForDeploymentPostprocessing = 0;
		};
		A4F200E32241552700CC55AE /* Sources */ = {
			isa = PBXSourcesBuildPhase;
			buildActionMask = 2147483647;
			files = (
				A4F200EC2241552700CC55AE /* RoviUITests.swift in Sources */,
			);
			runOnlyForDeploymentPostprocessing = 0;
		};
/* End PBXSourcesBuildPhase section */

/* Begin PBXTargetDependency section */
		A4F200DE2241552700CC55AE /* PBXTargetDependency */ = {
			isa = PBXTargetDependency;
			target = A4F200C72241552300CC55AE /* Rovi */;
			targetProxy = A4F200DD2241552700CC55AE /* PBXContainerItemProxy */;
		};
		A4F200E92241552700CC55AE /* PBXTargetDependency */ = {
			isa = PBXTargetDependency;
			target = A4F200C72241552300CC55AE /* Rovi */;
			targetProxy = A4F200E82241552700CC55AE /* PBXContainerItemProxy */;
		};
/* End PBXTargetDependency section */

/* Begin PBXVariantGroup section */
		A4F200CF2241552300CC55AE /* Main.storyboard */ = {
			isa = PBXVariantGroup;
			children = (
				A4F200D02241552300CC55AE /* Base */,
			);
			name = Main.storyboard;
			sourceTree = "<group>";
		};
		A4F200D42241552600CC55AE /* LaunchScreen.storyboard */ = {
			isa = PBXVariantGroup;
			children = (
				A4F200D52241552600CC55AE /* Base */,
			);
			name = LaunchScreen.storyboard;
			sourceTree = "<group>";
		};
/* End PBXVariantGroup section */

/* Begin XCBuildConfiguration section */
		A4F200EE2241552700CC55AE /* Debug */ = {
			isa = XCBuildConfiguration;
			buildSettings = {
				ALWAYS_SEARCH_USER_PATHS = NO;
				CLANG_ANALYZER_NONNULL = YES;
				CLANG_ANALYZER_NUMBER_OBJECT_CONVERSION = YES_AGGRESSIVE;
				CLANG_CXX_LANGUAGE_STANDARD = "gnu++14";
				CLANG_CXX_LIBRARY = "libc++";
				CLANG_ENABLE_MODULES = YES;
				CLANG_ENABLE_OBJC_ARC = YES;
				CLANG_ENABLE_OBJC_WEAK = YES;
				CLANG_WARN_BLOCK_CAPTURE_AUTORELEASING = YES;
				CLANG_WARN_BOOL_CONVERSION = YES;
				CLANG_WARN_COMMA = YES;
				CLANG_WARN_CONSTANT_CONVERSION = YES;
				CLANG_WARN_DEPRECATED_OBJC_IMPLEMENTATIONS = YES;
				CLANG_WARN_DIRECT_OBJC_ISA_USAGE = YES_ERROR;
				CLANG_WARN_DOCUMENTATION_COMMENTS = YES;
				CLANG_WARN_EMPTY_BODY = YES;
				CLANG_WARN_ENUM_CONVERSION = YES;
				CLANG_WARN_INFINITE_RECURSION = YES;
				CLANG_WARN_INT_CONVERSION = YES;
				CLANG_WARN_NON_LITERAL_NULL_CONVERSION = YES;
				CLANG_WARN_OBJC_IMPLICIT_RETAIN_SELF = YES;
				CLANG_WARN_OBJC_LITERAL_CONVERSION = YES;
				CLANG_WARN_OBJC_ROOT_CLASS = YES_ERROR;
				CLANG_WARN_RANGE_LOOP_ANALYSIS = YES;
				CLANG_WARN_STRICT_PROTOTYPES = YES;
				CLANG_WARN_SUSPICIOUS_MOVE = YES;
				CLANG_WARN_UNGUARDED_AVAILABILITY = YES_AGGRESSIVE;
				CLANG_WARN_UNREACHABLE_CODE = YES;
				CLANG_WARN__DUPLICATE_METHOD_MATCH = YES;
				CODE_SIGN_IDENTITY = "iPhone Developer";
				COPY_PHASE_STRIP = NO;
				DEBUG_INFORMATION_FORMAT = dwarf;
				ENABLE_STRICT_OBJC_MSGSEND = YES;
				ENABLE_TESTABILITY = YES;
				GCC_C_LANGUAGE_STANDARD = gnu11;
				GCC_DYNAMIC_NO_PIC = NO;
				GCC_NO_COMMON_BLOCKS = YES;
				GCC_OPTIMIZATION_LEVEL = 0;
				GCC_PREPROCESSOR_DEFINITIONS = (
					"DEBUG=1",
					"$(inherited)",
				);
				GCC_WARN_64_TO_32_BIT_CONVERSION = YES;
				GCC_WARN_ABOUT_RETURN_TYPE = YES_ERROR;
				GCC_WARN_UNDECLARED_SELECTOR = YES;
				GCC_WARN_UNINITIALIZED_AUTOS = YES_AGGRESSIVE;
				GCC_WARN_UNUSED_FUNCTION = YES;
				GCC_WARN_UNUSED_VARIABLE = YES;
				IPHONEOS_DEPLOYMENT_TARGET = 12.1;
				MTL_ENABLE_DEBUG_INFO = INCLUDE_SOURCE;
				MTL_FAST_MATH = YES;
				ONLY_ACTIVE_ARCH = YES;
				SDKROOT = iphoneos;
				SWIFT_ACTIVE_COMPILATION_CONDITIONS = DEBUG;
				SWIFT_OPTIMIZATION_LEVEL = "-Onone";
			};
			name = Debug;
		};
		A4F200EF2241552700CC55AE /* Release */ = {
			isa = XCBuildConfiguration;
			buildSettings = {
				ALWAYS_SEARCH_USER_PATHS = NO;
				CLANG_ANALYZER_NONNULL = YES;
				CLANG_ANALYZER_NUMBER_OBJECT_CONVERSION = YES_AGGRESSIVE;
				CLANG_CXX_LANGUAGE_STANDARD = "gnu++14";
				CLANG_CXX_LIBRARY = "libc++";
				CLANG_ENABLE_MODULES = YES;
				CLANG_ENABLE_OBJC_ARC = YES;
				CLANG_ENABLE_OBJC_WEAK = YES;
				CLANG_WARN_BLOCK_CAPTURE_AUTORELEASING = YES;
				CLANG_WARN_BOOL_CONVERSION = YES;
				CLANG_WARN_COMMA = YES;
				CLANG_WARN_CONSTANT_CONVERSION = YES;
				CLANG_WARN_DEPRECATED_OBJC_IMPLEMENTATIONS = YES;
				CLANG_WARN_DIRECT_OBJC_ISA_USAGE = YES_ERROR;
				CLANG_WARN_DOCUMENTATION_COMMENTS = YES;
				CLANG_WARN_EMPTY_BODY = YES;
				CLANG_WARN_ENUM_CONVERSION = YES;
				CLANG_WARN_INFINITE_RECURSION = YES;
				CLANG_WARN_INT_CONVERSION = YES;
				CLANG_WARN_NON_LITERAL_NULL_CONVERSION = YES;
				CLANG_WARN_OBJC_IMPLICIT_RETAIN_SELF = YES;
				CLANG_WARN_OBJC_LITERAL_CONVERSION = YES;
				CLANG_WARN_OBJC_ROOT_CLASS = YES_ERROR;
				CLANG_WARN_RANGE_LOOP_ANALYSIS = YES;
				CLANG_WARN_STRICT_PROTOTYPES = YES;
				CLANG_WARN_SUSPICIOUS_MOVE = YES;
				CLANG_WARN_UNGUARDED_AVAILABILITY = YES_AGGRESSIVE;
				CLANG_WARN_UNREACHABLE_CODE = YES;
				CLANG_WARN__DUPLICATE_METHOD_MATCH = YES;
				CODE_SIGN_IDENTITY = "iPhone Developer";
				COPY_PHASE_STRIP = NO;
				DEBUG_INFORMATION_FORMAT = "dwarf-with-dsym";
				ENABLE_NS_ASSERTIONS = NO;
				ENABLE_STRICT_OBJC_MSGSEND = YES;
				GCC_C_LANGUAGE_STANDARD = gnu11;
				GCC_NO_COMMON_BLOCKS = YES;
				GCC_WARN_64_TO_32_BIT_CONVERSION = YES;
				GCC_WARN_ABOUT_RETURN_TYPE = YES_ERROR;
				GCC_WARN_UNDECLARED_SELECTOR = YES;
				GCC_WARN_UNINITIALIZED_AUTOS = YES_AGGRESSIVE;
				GCC_WARN_UNUSED_FUNCTION = YES;
				GCC_WARN_UNUSED_VARIABLE = YES;
				IPHONEOS_DEPLOYMENT_TARGET = 12.1;
				MTL_ENABLE_DEBUG_INFO = NO;
				MTL_FAST_MATH = YES;
				SDKROOT = iphoneos;
				SWIFT_COMPILATION_MODE = wholemodule;
				SWIFT_OPTIMIZATION_LEVEL = "-O";
				VALIDATE_PRODUCT = YES;
			};
			name = Release;
		};
		A4F200F12241552700CC55AE /* Debug */ = {
			isa = XCBuildConfiguration;
			baseConfigurationReference = D575E0CEE97C2E0D19EF2806 /* Pods-Rovi.debug.xcconfig */;
			buildSettings = {
				ASSETCATALOG_COMPILER_APPICON_NAME = AppIcon;
				CODE_SIGN_STYLE = Manual;
				DEVELOPMENT_TEAM = D4J7AW2S69;
				INFOPLIST_FILE = Rovi/Info.plist;
				IPHONEOS_DEPLOYMENT_TARGET = 10.0;
				LD_RUNPATH_SEARCH_PATHS = (
					"$(inherited)",
					"@executable_path/Frameworks",
				);
				PRODUCT_BUNDLE_IDENTIFIER = com.rovitracker.ios;
				PRODUCT_NAME = "$(TARGET_NAME)";
				PROVISIONING_PROFILE_SPECIFIER = All_Dev_160129;
				SWIFT_VERSION = 4.2;
				TARGETED_DEVICE_FAMILY = 1;
			};
			name = Debug;
		};
		A4F200F22241552700CC55AE /* Release */ = {
			isa = XCBuildConfiguration;
			baseConfigurationReference = 3DB5580F9F56341875F3446C /* Pods-Rovi.release.xcconfig */;
			buildSettings = {
				ASSETCATALOG_COMPILER_APPICON_NAME = AppIcon;
				CODE_SIGN_STYLE = Manual;
				DEVELOPMENT_TEAM = "";
				INFOPLIST_FILE = Rovi/Info.plist;
				IPHONEOS_DEPLOYMENT_TARGET = 10.0;
				LD_RUNPATH_SEARCH_PATHS = (
					"$(inherited)",
					"@executable_path/Frameworks",
				);
				PRODUCT_BUNDLE_IDENTIFIER = com.rovitracker.ios;
				PRODUCT_NAME = "$(TARGET_NAME)";
				PROVISIONING_PROFILE_SPECIFIER = "";
				SWIFT_VERSION = 4.2;
				TARGETED_DEVICE_FAMILY = 1;
			};
			name = Release;
		};
		A4F200F42241552700CC55AE /* Debug */ = {
			isa = XCBuildConfiguration;
			buildSettings = {
				ALWAYS_EMBED_SWIFT_STANDARD_LIBRARIES = YES;
				BUNDLE_LOADER = "$(TEST_HOST)";
				CODE_SIGN_STYLE = Automatic;
				INFOPLIST_FILE = RoviTests/Info.plist;
				LD_RUNPATH_SEARCH_PATHS = (
					"$(inherited)",
					"@executable_path/Frameworks",
					"@loader_path/Frameworks",
				);
				PRODUCT_BUNDLE_IDENTIFIER = com.clubrowfitness.clubrowdev.RoviTests;
				PRODUCT_NAME = "$(TARGET_NAME)";
				SWIFT_VERSION = 4.2;
				TARGETED_DEVICE_FAMILY = "1,2";
				TEST_HOST = "$(BUILT_PRODUCTS_DIR)/Rovi.app/Rovi";
			};
			name = Debug;
		};
		A4F200F52241552700CC55AE /* Release */ = {
			isa = XCBuildConfiguration;
			buildSettings = {
				ALWAYS_EMBED_SWIFT_STANDARD_LIBRARIES = YES;
				BUNDLE_LOADER = "$(TEST_HOST)";
				CODE_SIGN_STYLE = Automatic;
				INFOPLIST_FILE = RoviTests/Info.plist;
				LD_RUNPATH_SEARCH_PATHS = (
					"$(inherited)",
					"@executable_path/Frameworks",
					"@loader_path/Frameworks",
				);
				PRODUCT_BUNDLE_IDENTIFIER = com.clubrowfitness.clubrowdev.RoviTests;
				PRODUCT_NAME = "$(TARGET_NAME)";
				SWIFT_VERSION = 4.2;
				TARGETED_DEVICE_FAMILY = "1,2";
				TEST_HOST = "$(BUILT_PRODUCTS_DIR)/Rovi.app/Rovi";
			};
			name = Release;
		};
		A4F200F72241552700CC55AE /* Debug */ = {
			isa = XCBuildConfiguration;
			buildSettings = {
				ALWAYS_EMBED_SWIFT_STANDARD_LIBRARIES = YES;
				CODE_SIGN_STYLE = Automatic;
				INFOPLIST_FILE = RoviUITests/Info.plist;
				LD_RUNPATH_SEARCH_PATHS = (
					"$(inherited)",
					"@executable_path/Frameworks",
					"@loader_path/Frameworks",
				);
				PRODUCT_BUNDLE_IDENTIFIER = com.clubrowfitness.clubrowdev.RoviUITests;
				PRODUCT_NAME = "$(TARGET_NAME)";
				SWIFT_VERSION = 4.2;
				TARGETED_DEVICE_FAMILY = "1,2";
				TEST_TARGET_NAME = Rovi;
			};
			name = Debug;
		};
		A4F200F82241552700CC55AE /* Release */ = {
			isa = XCBuildConfiguration;
			buildSettings = {
				ALWAYS_EMBED_SWIFT_STANDARD_LIBRARIES = YES;
				CODE_SIGN_STYLE = Automatic;
				INFOPLIST_FILE = RoviUITests/Info.plist;
				LD_RUNPATH_SEARCH_PATHS = (
					"$(inherited)",
					"@executable_path/Frameworks",
					"@loader_path/Frameworks",
				);
				PRODUCT_BUNDLE_IDENTIFIER = com.clubrowfitness.clubrowdev.RoviUITests;
				PRODUCT_NAME = "$(TARGET_NAME)";
				SWIFT_VERSION = 4.2;
				TARGETED_DEVICE_FAMILY = "1,2";
				TEST_TARGET_NAME = Rovi;
			};
			name = Release;
		};
/* End XCBuildConfiguration section */

/* Begin XCConfigurationList section */
		A4F200C32241552300CC55AE /* Build configuration list for PBXProject "Rovi" */ = {
			isa = XCConfigurationList;
			buildConfigurations = (
				A4F200EE2241552700CC55AE /* Debug */,
				A4F200EF2241552700CC55AE /* Release */,
			);
			defaultConfigurationIsVisible = 0;
			defaultConfigurationName = Release;
		};
		A4F200F02241552700CC55AE /* Build configuration list for PBXNativeTarget "Rovi" */ = {
			isa = XCConfigurationList;
			buildConfigurations = (
				A4F200F12241552700CC55AE /* Debug */,
				A4F200F22241552700CC55AE /* Release */,
			);
			defaultConfigurationIsVisible = 0;
			defaultConfigurationName = Release;
		};
		A4F200F32241552700CC55AE /* Build configuration list for PBXNativeTarget "RoviTests" */ = {
			isa = XCConfigurationList;
			buildConfigurations = (
				A4F200F42241552700CC55AE /* Debug */,
				A4F200F52241552700CC55AE /* Release */,
			);
			defaultConfigurationIsVisible = 0;
			defaultConfigurationName = Release;
		};
		A4F200F62241552700CC55AE /* Build configuration list for PBXNativeTarget "RoviUITests" */ = {
			isa = XCConfigurationList;
			buildConfigurations = (
				A4F200F72241552700CC55AE /* Debug */,
				A4F200F82241552700CC55AE /* Release */,
			);
			defaultConfigurationIsVisible = 0;
			defaultConfigurationName = Release;
		};
/* End XCConfigurationList section */

/* Begin XCVersionGroup section */
		CAA44A2A224416D30050D619 /* ReadingsModel.xcdatamodeld */ = {
			isa = XCVersionGroup;
			children = (
				CAA44A2B224416D30050D619 /* ReadingsModel.xcdatamodel */,
			);
			currentVersion = CAA44A2B224416D30050D619 /* ReadingsModel.xcdatamodel */;
			path = ReadingsModel.xcdatamodeld;
			sourceTree = "<group>";
			versionGroupType = wrapper.xcdatamodel;
		};
/* End XCVersionGroup section */
	};
	rootObject = A4F200C02241552300CC55AE /* Project object */;
}
